
Microsoft Visual Studio Solution File, Format Version 12.00
Project("{FAE04EC0-301F-11D3-BF4B-00C04F79EFBC}") = "Ubiquitous.DocGen.Metadata", "Ubiquitous.DocGen.Metadata\Ubiquitous.DocGen.Metadata.csproj", "{7920C9C4-6370-4C02-96E4-8FC9DBC9E08B}"
EndProject
Project("{FAE04EC0-301F-11D3-BF4B-00C04F79EFBC}") = "Ubiquitous.DocGen.Markdown", "Ubiquitous.DocGen.Markdown\Ubiquitous.DocGen.Markdown.csproj", "{EC433B51-8BA3-412E-9CF4-CA9FB86CF6C5}"
EndProject
Project("{FAE04EC0-301F-11D3-BF4B-00C04F79EFBC}") = "Ubiquitous.DocGen", "Ubiquitous.DocGen\Ubiquitous.DocGen.csproj", "{6BAD0107-EFFA-465E-BF6B-C909F153B84D}"
EndProject
Global
	GlobalSection(SolutionConfigurationPlatforms) = preSolution
		Debug|Any CPU = Debug|Any CPU
		Release|Any CPU = Release|Any CPU
	EndGlobalSection
	GlobalSection(ProjectConfigurationPlatforms) = postSolution
		{7920C9C4-6370-4C02-96E4-8FC9DBC9E08B}.Debug|Any CPU.ActiveCfg = Debug|Any CPU
		{7920C9C4-6370-4C02-96E4-8FC9DBC9E08B}.Debug|Any CPU.Build.0 = Debug|Any CPU
		{7920C9C4-6370-4C02-96E4-8FC9DBC9E08B}.Release|Any CPU.ActiveCfg = Release|Any CPU
		{7920C9C4-6370-4C02-96E4-8FC9DBC9E08B}.Release|Any CPU.Build.0 = Release|Any CPU
		{EC433B51-8BA3-412E-9CF4-CA9FB86CF6C5}.Debug|Any CPU.ActiveCfg = Debug|Any CPU
		{EC433B51-8BA3-412E-9CF4-CA9FB86CF6C5}.Debug|Any CPU.Build.0 = Debug|Any CPU
		{EC433B51-8BA3-412E-9CF4-CA9FB86CF6C5}.Release|Any CPU.ActiveCfg = Release|Any CPU
		{EC433B51-8BA3-412E-9CF4-CA9FB86CF6C5}.Release|Any CPU.Build.0 = Release|Any CPU
		{6BAD0107-EFFA-465E-BF6B-C909F153B84D}.Debug|Any CPU.ActiveCfg = Debug|Any CPU
		{6BAD0107-EFFA-465E-BF6B-C909F153B84D}.Debug|Any CPU.Build.0 = Debug|Any CPU
		{6BAD0107-EFFA-465E-BF6B-C909F153B84D}.Release|Any CPU.ActiveCfg = Release|Any CPU
		{6BAD0107-EFFA-465E-BF6B-C909F153B84D}.Release|Any CPU.Build.0 = Release|Any CPU
	EndGlobalSection
EndGlobal
